
Microsoft Visual Studio Solution File, Format Version 12.00
# Visual Studio Version 16
VisualStudioVersion = 16.0.32802.440
MinimumVisualStudioVersion = 10.0.40219.1
Project("{FAE04EC0-301F-11D3-BF4B-00C04F79EFBC}") = "Assignment2_Task2_v2", "Assignment2_Task2_v2\Assignment2_Task2_v2.csproj", "{3ACF7E30-CC70-4119-9E11-BFFE5A631D33}"
EndProject
Global
	GlobalSection(SolutionConfigurationPlatforms) = preSolution
		Debug|Any CPU = Debug|Any CPU
		Release|Any CPU = Release|Any CPU
	EndGlobalSection
	GlobalSection(ProjectConfigurationPlatforms) = postSolution
		{3ACF7E30-CC70-4119-9E11-BFFE5A631D33}.Debug|Any CPU.ActiveCfg = Debug|Any CPU
		{3ACF7E30-CC70-4119-9E11-BFFE5A631D33}.Debug|Any CPU.Build.0 = Debug|Any CPU
		{3ACF7E30-CC70-4119-9E11-BFFE5A631D33}.Release|Any CPU.ActiveCfg = Release|Any CPU
		{3ACF7E30-CC70-4119-9E11-BFFE5A631D33}.Release|Any CPU.Build.0 = Release|Any CPU
	EndGlobalSection
	GlobalSection(SolutionProperties) = preSolution
		HideSolutionNode = FALSE
	EndGlobalSection
	GlobalSection(ExtensibilityGlobals) = postSolution
		SolutionGuid = {01283591-C135-4475-BBE1-272CCBCAA94A}
	EndGlobalSection
EndGlobal
