
Microsoft Visual Studio Solution File, Format Version 12.00
# Visual Studio Version 16
VisualStudioVersion = 16.0.32802.440
MinimumVisualStudioVersion = 10.0.40219.1
Project("{FAE04EC0-301F-11D3-BF4B-00C04F79EFBC}") = "Assignment2_Task2", "Assignment2_Task2\Assignment2_Task2.csproj", "{4270DCD7-525C-483C-8270-9EA44F5F64FD}"
EndProject
Global
	GlobalSection(SolutionConfigurationPlatforms) = preSolution
		Debug|Any CPU = Debug|Any CPU
		Release|Any CPU = Release|Any CPU
	EndGlobalSection
	GlobalSection(ProjectConfigurationPlatforms) = postSolution
		{4270DCD7-525C-483C-8270-9EA44F5F64FD}.Debug|Any CPU.ActiveCfg = Debug|Any CPU
		{4270DCD7-525C-483C-8270-9EA44F5F64FD}.Debug|Any CPU.Build.0 = Debug|Any CPU
		{4270DCD7-525C-483C-8270-9EA44F5F64FD}.Release|Any CPU.ActiveCfg = Release|Any CPU
		{4270DCD7-525C-483C-8270-9EA44F5F64FD}.Release|Any CPU.Build.0 = Release|Any CPU
	EndGlobalSection
	GlobalSection(SolutionProperties) = preSolution
		HideSolutionNode = FALSE
	EndGlobalSection
	GlobalSection(ExtensibilityGlobals) = postSolution
		SolutionGuid = {25F1D004-47E5-4585-ACCF-4668A3BE459A}
	EndGlobalSection
EndGlobal
